
Microsoft Visual Studio Solution File, Format Version 12.00
# Visual Studio 15
VisualStudioVersion = 15.0.28307.705
MinimumVisualStudioVersion = 10.0.40219.1
Project("{FAE04EC0-301F-11D3-BF4B-00C04F79EFBC}") = "CS_001_FirstFormsApp", "CS_001_FirstFormsApp\CS_001_FirstFormsApp.csproj", "{9458754F-E9F9-4C36-A101-D3A6FA8D7EA4}"
EndProject
Global
	GlobalSection(SolutionConfigurationPlatforms) = preSolution
		Debug|Any CPU = Debug|Any CPU
		Release|Any CPU = Release|Any CPU
	EndGlobalSection
	GlobalSection(ProjectConfigurationPlatforms) = postSolution
		{9458754F-E9F9-4C36-A101-D3A6FA8D7EA4}.Debug|Any CPU.ActiveCfg = Debug|Any CPU
		{9458754F-E9F9-4C36-A101-D3A6FA8D7EA4}.Debug|Any CPU.Build.0 = Debug|Any CPU
		{9458754F-E9F9-4C36-A101-D3A6FA8D7EA4}.Release|Any CPU.ActiveCfg = Release|Any CPU
		{9458754F-E9F9-4C36-A101-D3A6FA8D7EA4}.Release|Any CPU.Build.0 = Release|Any CPU
	EndGlobalSection
	GlobalSection(SolutionProperties) = preSolution
		HideSolutionNode = FALSE
	EndGlobalSection
	GlobalSection(ExtensibilityGlobals) = postSolution
		SolutionGuid = {F71DB402-A545-4C12-B2E9-4727EA5164BC}
	EndGlobalSection
EndGlobal
